{
  "nodes": {
    "data-merge": {
      "inputs": {
        "nixlib": "nixlib",
        "yants": "yants"
      },
      "locked": {
        "lastModified": 1648237091,
        "narHash": "sha256-OtgcOt/CB0/9S0rh1eAog+AvAg9kF6GyAknyWOXiAZI=",
        "owner": "divnix",
        "repo": "data-merge",
        "rev": "b21bcf7bd949ac92af3930ecb1d3df8786384722",
        "type": "github"
      },
      "original": {
        "owner": "divnix",
        "repo": "data-merge",
        "type": "github"
      }
    },
    "deploy-rs": {
      "inputs": {
        "fenix": "fenix",
        "flake-compat": "flake-compat",
        "nixpkgs": "nixpkgs_2",
        "utils": "utils"
      },
      "locked": {
        "lastModified": 1645603310,
        "narHash": "sha256-/CTQuJzFK8pO2d4S5uKhHwT+QiNfnbCKSx7O2tW0GXQ=",
        "owner": "input-output-hk",
        "repo": "deploy-rs",
        "rev": "feb44f80c634c799a661bf27c5cb4a905640fe93",
        "type": "github"
      },
      "original": {
        "owner": "input-output-hk",
        "repo": "deploy-rs",
        "type": "github"
      }
    },
    "fenix": {
      "inputs": {
        "nixpkgs": [
          "deploy-rs",
          "nixpkgs"
        ],
        "rust-analyzer-src": "rust-analyzer-src"
      },
      "locked": {
        "lastModified": 1645597478,
        "narHash": "sha256-axsWwzGMMMcvHKXyrEC99RHkU/8EecIcmrESGzZMD/k=",
        "owner": "nix-community",
        "repo": "fenix",
        "rev": "6c8d60c1d8deba8c360537c47e2b86aefaea0fd5",
        "type": "github"
      },
      "original": {
        "owner": "nix-community",
        "repo": "fenix",
        "type": "github"
      }
    },
    "flake-compat": {
      "flake": false,
      "locked": {
        "lastModified": 1627913399,
        "narHash": "sha256-hY8g6H2KFL8ownSiFeMOjwPC8P0ueXpCVEbxgda3pko=",
        "owner": "edolstra",
        "repo": "flake-compat",
        "rev": "12c64ca55c1014cdc1b16ed5a804aa8576601ff2",
        "type": "github"
      },
      "original": {
        "owner": "edolstra",
        "repo": "flake-compat",
        "type": "github"
      }
    },
    "flake-utils": {
      "locked": {
        "lastModified": 1638122382,
        "narHash": "sha256-sQzZzAbvKEqN9s0bzWuYmRaA03v40gaJ4+iL1LXjaeI=",
        "owner": "numtide",
        "repo": "flake-utils",
        "rev": "74f7e4319258e287b0f9cb95426c9853b282730b",
        "type": "github"
      },
      "original": {
        "owner": "numtide",
        "repo": "flake-utils",
        "type": "github"
      }
    },
    "home-21-11": {
      "inputs": {
        "nixpkgs": "nixpkgs_3"
      },
      "locked": {
        "lastModified": 1638317954,
        "narHash": "sha256-Y02WtZ1ulx4bUJfsZGZAfvYiLmjMsSyvoHv9hYFC9SQ=",
        "owner": "blaggacao",
        "repo": "home-manager",
        "rev": "f073827fdfcd05bd4561cea3bb31a3e609215d44",
        "type": "github"
      },
      "original": {
        "owner": "blaggacao",
        "ref": "release-21.11-with-nix-profile",
        "repo": "home-manager",
        "type": "github"
      }
    },
    "iog-patched-nix": {
      "inputs": {
        "lowdown-src": "lowdown-src",
        "nixpkgs": "nixpkgs_4",
        "nixpkgs-regression": "nixpkgs-regression"
      },
      "locked": {
        "lastModified": 1646164353,
        "narHash": "sha256-Nj3ARvplf0Xa+h4F5Cq1r9cc81C2UIpbAKDgJLsDmUc=",
        "owner": "kreisys",
        "repo": "nix",
        "rev": "45677cae8d474270ecd797eb40eb1f8836981604",
        "type": "github"
      },
      "original": {
        "owner": "kreisys",
        "ref": "goodnix-maybe-dont-functor",
        "repo": "nix",
        "type": "github"
      }
    },
    "lowdown-src": {
      "flake": false,
      "locked": {
        "lastModified": 1633514407,
        "narHash": "sha256-Dw32tiMjdK9t3ETl5fzGrutQTzh2rufgZV4A/BbxuD4=",
        "owner": "kristapsdz",
        "repo": "lowdown",
        "rev": "d2c2b44ff6c27b936ec27358a2653caaef8f73b8",
        "type": "github"
      },
      "original": {
        "owner": "kristapsdz",
        "repo": "lowdown",
        "type": "github"
      }
    },
    "n2c": {
      "inputs": {
        "flake-utils": "flake-utils",
        "nixpkgs": "nixpkgs_5"
      },
      "locked": {
        "lastModified": 1648247166,
        "narHash": "sha256-zGbrJ5ddo+MvCHHuY2kGWi6N2676DkBjz3Qbu66LhHg=",
        "owner": "nlewo",
        "repo": "nix2container",
        "rev": "065e5b108650ee4c2dc80fe1f4952eff50922e6c",
        "type": "github"
      },
      "original": {
        "owner": "nlewo",
        "repo": "nix2container",
        "type": "github"
      }
    },
    "nixlib": {
      "locked": {
        "lastModified": 1648341997,
        "narHash": "sha256-0tDgXkwmEwLqy29gn+r8scAynhnzMoQSZM32vo1RY30=",
        "owner": "nix-community",
        "repo": "nixpkgs.lib",
        "rev": "c834d3ab83ad564242d703221c00d4a71130d4f2",
        "type": "github"
      },
      "original": {
        "owner": "nix-community",
        "repo": "nixpkgs.lib",
        "type": "github"
      }
    },
    "nixos-21-11": {
      "locked": {
        "lastModified": 1648203577,
        "narHash": "sha256-CbXZkiVTA0ByV/yncFHCAGIa/AfcSb0cjqzEa56rO+Y=",
        "owner": "nixos",
        "repo": "nixpkgs",
        "rev": "d89f18a17e51532ed5f4d45297b0ddf11e46b9c8",
        "type": "github"
      },
      "original": {
        "owner": "nixos",
        "ref": "nixos-21.11",
        "repo": "nixpkgs",
        "type": "github"
      }
    },
    "nixpkgs": {
      "locked": {
        "lastModified": 1648341997,
        "narHash": "sha256-0tDgXkwmEwLqy29gn+r8scAynhnzMoQSZM32vo1RY30=",
        "owner": "nix-community",
        "repo": "nixpkgs.lib",
        "rev": "c834d3ab83ad564242d703221c00d4a71130d4f2",
        "type": "github"
      },
      "original": {
        "owner": "nix-community",
        "repo": "nixpkgs.lib",
        "type": "github"
      }
    },
    "nixpkgs-regression": {
      "locked": {
        "lastModified": 1643052045,
        "narHash": "sha256-uGJ0VXIhWKGXxkeNnq4TvV3CIOkUJ3PAoLZ3HMzNVMw=",
        "owner": "NixOS",
        "repo": "nixpkgs",
        "rev": "215d4d0fd80ca5163643b03a33fde804a29cc1e2",
        "type": "github"
      },
      "original": {
        "id": "nixpkgs",
        "rev": "215d4d0fd80ca5163643b03a33fde804a29cc1e2",
        "type": "indirect"
      }
    },
    "nixpkgs_2": {
      "locked": {
        "lastModified": 1645433236,
        "narHash": "sha256-4va4MvJ076XyPp5h8sm5eMQvCrJ6yZAbBmyw95dGyw4=",
        "owner": "NixOS",
        "repo": "nixpkgs",
        "rev": "7f9b6e2babf232412682c09e57ed666d8f84ac2d",
        "type": "github"
      },
      "original": {
        "id": "nixpkgs",
        "ref": "nixos-unstable",
        "type": "indirect"
      }
    },
    "nixpkgs_3": {
      "locked": {
        "lastModified": 1627969475,
        "narHash": "sha256-MhVtkVt1MFfaDY3ObJu54NBcsaPk19vOBZ8ouhjO4qs=",
        "owner": "NixOS",
        "repo": "nixpkgs",
        "rev": "bd27e2e8316ac6eab11aa35c586e743286f23ecf",
        "type": "github"
      },
      "original": {
        "id": "nixpkgs",
        "type": "indirect"
      }
    },
    "nixpkgs_4": {
      "locked": {
        "lastModified": 1632864508,
        "narHash": "sha256-d127FIvGR41XbVRDPVvozUPQ/uRHbHwvfyKHwEt5xFM=",
        "owner": "NixOS",
        "repo": "nixpkgs",
        "rev": "82891b5e2c2359d7e58d08849e4c89511ab94234",
        "type": "github"
      },
      "original": {
        "id": "nixpkgs",
        "ref": "nixos-21.05-small",
        "type": "indirect"
      }
    },
    "nixpkgs_5": {
      "locked": {
        "lastModified": 1642451377,
        "narHash": "sha256-hvAuYDUN8XIrcQKE6wDw4LjTCcwrTp2B1i1i/5vfDMQ=",
        "owner": "NixOS",
        "repo": "nixpkgs",
        "rev": "e5b47c5c21336e3fdd887d24c7e34363fa09c6d7",
        "type": "github"
      },
      "original": {
        "owner": "NixOS",
        "repo": "nixpkgs",
        "type": "github"
      }
    },
    "nixpkgs_6": {
      "locked": {
        "lastModified": 1648219316,
        "narHash": "sha256-Ctij+dOi0ZZIfX5eMhgwugfvB+WZSrvVNAyAuANOsnQ=",
        "owner": "nixos",
        "repo": "nixpkgs",
        "rev": "30d3d79b7d3607d56546dd2a6b49e156ba0ec634",
        "type": "github"
      },
      "original": {
        "owner": "nixos",
        "ref": "nixpkgs-unstable",
        "repo": "nixpkgs",
        "type": "github"
      }
    },
    "root": {
      "inputs": {
        "data-merge": "data-merge",
        "deploy-rs": "deploy-rs",
        "home": [
          "home-21-11"
        ],
        "home-21-11": "home-21-11",
        "iog-patched-nix": "iog-patched-nix",
        "n2c": "n2c",
        "nixos": [
          "nixos-21-11"
        ],
        "nixos-21-11": "nixos-21-11",
        "nixpkgs": [
          "std",
          "nixpkgs"
        ],
        "std": "std",
        "yants": [
          "std",
          "yants"
        ]
      }
    },
    "rust-analyzer-src": {
      "flake": false,
      "locked": {
        "lastModified": 1645480664,
        "narHash": "sha256-1+6YSK1hn6PX5qC3JwjrYktMwtq5GeFgNbyaGzk8Kuo=",
        "owner": "rust-analyzer",
        "repo": "rust-analyzer",
        "rev": "c0ee2f23ff70349704dfe8448027a41b7788eb37",
        "type": "github"
      },
      "original": {
        "owner": "rust-analyzer",
        "ref": "nightly",
        "repo": "rust-analyzer",
        "type": "github"
      }
    },
    "std": {
      "inputs": {
        "nixpkgs": "nixpkgs_6",
        "yants": "yants_2"
      },
      "locked": {
        "lastModified": 1647235919,
        "narHash": "sha256-fO4dlRO0zeZtzY1QF7iLatx81jena6QP7HZEA83AJ8E=",
        "owner": "divnix",
        "repo": "std",
        "rev": "133fb0c1cc8d0d477a3d339971ef09fa57a60fd3",
        "type": "github"
      },
      "original": {
        "owner": "divnix",
        "repo": "std",
        "type": "github"
      }
    },
    "utils": {
      "locked": {
        "lastModified": 1637014545,
        "narHash": "sha256-26IZAc5yzlD9FlDT54io1oqG/bBoyka+FJk5guaX4x4=",
        "owner": "numtide",
        "repo": "flake-utils",
        "rev": "bba5dcc8e0b20ab664967ad83d24d64cb64ec4f4",
        "type": "github"
      },
      "original": {
        "owner": "numtide",
        "repo": "flake-utils",
        "type": "github"
      }
    },
    "yants": {
      "inputs": {
        "nixpkgs": "nixpkgs"
      },
      "locked": {
        "lastModified": 1645126146,
        "narHash": "sha256-XQ1eg4gzXoc7Tl8iXak1uCt3KnsTyxqPtLE+vOoDnrQ=",
        "owner": "divnix",
        "repo": "yants",
        "rev": "77df2be1b3cce9f571c6cf451f786b266a6869cc",
        "type": "github"
      },
      "original": {
        "owner": "divnix",
        "repo": "yants",
        "type": "github"
      }
    },
    "yants_2": {
      "inputs": {
        "nixpkgs": [
          "std",
          "nixpkgs"
        ]
      },
      "locked": {
        "lastModified": 1645126146,
        "narHash": "sha256-XQ1eg4gzXoc7Tl8iXak1uCt3KnsTyxqPtLE+vOoDnrQ=",
        "owner": "divnix",
        "repo": "yants",
        "rev": "77df2be1b3cce9f571c6cf451f786b266a6869cc",
        "type": "github"
      },
      "original": {
        "owner": "divnix",
        "repo": "yants",
        "type": "github"
      }
    }
  },
  "root": "root",
  "version": 7
}
