{
  "nodes": {
    "blank": {
      "locked": {
        "lastModified": 1625557891,
        "narHash": "sha256-O8/MWsPBGhhyPoPLHZAuoZiiHo9q6FLlEeIDEXuj6T4=",
        "owner": "divnix",
        "repo": "blank",
        "rev": "5a5d2684073d9f563072ed07c871d577a6c614a8",
        "type": "github"
      },
      "original": {
        "owner": "divnix",
        "repo": "blank",
        "type": "github"
      }
    },
    "devshell": {
      "inputs": {
        "flake-utils": [
          "std",
          "flake-utils"
        ],
        "nixpkgs": [
          "std",
          "nixpkgs"
        ]
      },
      "locked": {
        "lastModified": 1663445644,
        "narHash": "sha256-+xVlcK60x7VY1vRJbNUEAHi17ZuoQxAIH4S4iUFUGBA=",
        "owner": "numtide",
        "repo": "devshell",
        "rev": "e3dc3e21594fe07bdb24bdf1c8657acaa4cb8f66",
        "type": "github"
      },
      "original": {
        "owner": "numtide",
        "repo": "devshell",
        "type": "github"
      }
    },
    "dmerge": {
      "inputs": {
        "nixlib": [
          "std",
          "nixpkgs"
        ],
        "yants": [
          "std",
          "yants"
        ]
      },
      "locked": {
        "lastModified": 1659548052,
        "narHash": "sha256-fzI2gp1skGA8mQo/FBFrUAtY0GQkAIAaV/V127TJPyY=",
        "owner": "divnix",
        "repo": "data-merge",
        "rev": "d160d18ce7b1a45b88344aa3f13ed1163954b497",
        "type": "github"
      },
      "original": {
        "owner": "divnix",
        "repo": "data-merge",
        "type": "github"
      }
    },
    "flake-utils": {
      "locked": {
        "lastModified": 1659877975,
        "narHash": "sha256-zllb8aq3YO3h8B/U0/J1WBgAL8EX5yWf5pMj3G0NAmc=",
        "owner": "numtide",
        "repo": "flake-utils",
        "rev": "c0e246b9b83f637f4681389ecabcb2681b4f3af0",
        "type": "github"
      },
      "original": {
        "owner": "numtide",
        "repo": "flake-utils",
        "type": "github"
      }
    },
    "home-21-11": {
      "inputs": {
        "nixpkgs": "nixpkgs"
      },
      "locked": {
        "lastModified": 1638317954,
        "narHash": "sha256-Y02WtZ1ulx4bUJfsZGZAfvYiLmjMsSyvoHv9hYFC9SQ=",
        "owner": "blaggacao",
        "repo": "home-manager",
        "rev": "f073827fdfcd05bd4561cea3bb31a3e609215d44",
        "type": "github"
      },
      "original": {
        "owner": "blaggacao",
        "ref": "release-21.11-with-nix-profile",
        "repo": "home-manager",
        "type": "github"
      }
    },
    "home-22-05": {
      "inputs": {
        "nixpkgs": "nixpkgs_2"
      },
      "locked": {
        "lastModified": 1665996265,
        "narHash": "sha256-/k9og6LDBQwT+f/tJ5ClcWiUl8kCX5m6ognhsAxOiCY=",
        "owner": "nix-community",
        "repo": "home-manager",
        "rev": "b81e128fc053ab3159d7b464d9b7dedc9d6a6891",
        "type": "github"
      },
      "original": {
        "owner": "nix-community",
        "ref": "release-22.05",
        "repo": "home-manager",
        "type": "github"
      }
    },
    "mdbook-kroki-preprocessor": {
      "flake": false,
      "locked": {
        "lastModified": 1661755005,
        "narHash": "sha256-1TJuUzfyMycWlOQH67LR63/ll2GDZz25I3JfScy/Jnw=",
        "owner": "JoelCourtney",
        "repo": "mdbook-kroki-preprocessor",
        "rev": "93adb5716d035829efed27f65f2f0833a7d3e76f",
        "type": "github"
      },
      "original": {
        "owner": "JoelCourtney",
        "repo": "mdbook-kroki-preprocessor",
        "type": "github"
      }
    },
    "n2c": {
      "inputs": {
        "flake-utils": [
          "std",
          "flake-utils"
        ],
        "nixpkgs": [
          "std",
          "nixpkgs"
        ]
      },
      "locked": {
        "lastModified": 1665039323,
        "narHash": "sha256-SAh3ZjFGsaCI8FRzXQyp56qcGdAqgKEfJWPCQ0Sr7tQ=",
        "owner": "nlewo",
        "repo": "nix2container",
        "rev": "b008fe329ffb59b67bf9e7b08ede6ee792f2741a",
        "type": "github"
      },
      "original": {
        "owner": "nlewo",
        "repo": "nix2container",
        "type": "github"
      }
    },
    "nixago": {
      "inputs": {
        "flake-utils": [
          "std",
          "flake-utils"
        ],
        "nixago-exts": [
          "std",
          "blank"
        ],
        "nixpkgs": [
          "std",
          "nixpkgs"
        ]
      },
      "locked": {
        "lastModified": 1661824785,
        "narHash": "sha256-/PnwdWoO/JugJZHtDUioQp3uRiWeXHUdgvoyNbXesz8=",
        "owner": "nix-community",
        "repo": "nixago",
        "rev": "8c1f9e5f1578d4b2ea989f618588d62a335083c3",
        "type": "github"
      },
      "original": {
        "owner": "nix-community",
        "repo": "nixago",
        "type": "github"
      }
    },
    "nixlib": {
      "locked": {
        "lastModified": 1636849918,
        "narHash": "sha256-nzUK6dPcTmNVrgTAC1EOybSMsrcx+QrVPyqRdyKLkjA=",
        "owner": "nix-community",
        "repo": "nixpkgs.lib",
        "rev": "28a5b0557f14124608db68d3ee1f77e9329e9dd5",
        "type": "github"
      },
      "original": {
        "owner": "nix-community",
        "repo": "nixpkgs.lib",
        "type": "github"
      }
    },
    "nixos-21-11": {
      "locked": {
        "lastModified": 1648608655,
        "narHash": "sha256-pTjZg9DwU89ZZ1fdtt6/i1X4vSNXoRJYUArgVZPh9F8=",
        "owner": "nixos",
        "repo": "nixpkgs",
        "rev": "ba93b1d8253ed4b359b9e81d10e02c106d3f8b11",
        "type": "github"
      },
      "original": {
        "owner": "nixos",
        "ref": "release-21.11",
        "repo": "nixpkgs",
        "type": "github"
      }
    },
    "nixos-22-05": {
      "locked": {
        "lastModified": 1666456812,
        "narHash": "sha256-FPIuwJXMlxKjW0EJePUSRABCiInAw4Z9K7xzvKdaIn4=",
        "owner": "nixos",
        "repo": "nixpkgs",
        "rev": "257cd998f59835c276b7c7d85ec4d34891dd7d9e",
        "type": "github"
      },
      "original": {
        "owner": "nixos",
        "ref": "release-22.05",
        "repo": "nixpkgs",
        "type": "github"
      }
    },
    "nixos-generators": {
      "inputs": {
        "nixlib": "nixlib",
        "nixpkgs": "nixpkgs_3"
      },
      "locked": {
        "lastModified": 1647521142,
        "narHash": "sha256-ZwK8n5yCYHjmSLPqwXiebUyQxSHQ3HyKAxs4psksuVc=",
        "owner": "nix-community",
        "repo": "nixos-generators",
        "rev": "9f56b704ff3073436c3b93d63669ee773c592aa3",
        "type": "github"
      },
      "original": {
        "owner": "nix-community",
        "repo": "nixos-generators",
        "type": "github"
      }
    },
    "nixpkgs": {
      "locked": {
        "lastModified": 1627969475,
        "narHash": "sha256-MhVtkVt1MFfaDY3ObJu54NBcsaPk19vOBZ8ouhjO4qs=",
        "owner": "NixOS",
        "repo": "nixpkgs",
        "rev": "bd27e2e8316ac6eab11aa35c586e743286f23ecf",
        "type": "github"
      },
      "original": {
        "id": "nixpkgs",
        "type": "indirect"
      }
    },
    "nixpkgs_2": {
      "locked": {
        "lastModified": 1658644204,
        "narHash": "sha256-MWyfCH9K3eVTXJUxBi67OQSAh9jJAnvWklM6qm4j8w8=",
        "owner": "NixOS",
        "repo": "nixpkgs",
        "rev": "2f0c3be57c348f4cfd8820f2d189e29a685d9c41",
        "type": "github"
      },
      "original": {
        "id": "nixpkgs",
        "type": "indirect"
      }
    },
    "nixpkgs_3": {
      "locked": {
        "lastModified": 1637186689,
        "narHash": "sha256-NU7BhgnwA/3ibmCeSzFK6xGi+Bari9mPfn+4cBmyEjw=",
        "owner": "NixOS",
        "repo": "nixpkgs",
        "rev": "7fad01d9d5a3f82081c00fb57918d64145dc904c",
        "type": "github"
      },
      "original": {
        "owner": "NixOS",
        "ref": "nixpkgs-unstable",
        "repo": "nixpkgs",
        "type": "github"
      }
    },
    "nixpkgs_4": {
      "locked": {
        "lastModified": 1666424192,
        "narHash": "sha256-rb/a7Kg9s31jqkvdOQHFrUc5ig5kB+O2ZKB8mjU2kW8=",
        "owner": "nixos",
        "repo": "nixpkgs",
        "rev": "4f8287f3d597c73b0d706cfad028c2d51821f64d",
        "type": "github"
      },
      "original": {
        "owner": "nixos",
        "ref": "nixpkgs-unstable",
        "repo": "nixpkgs",
        "type": "github"
      }
    },
    "root": {
      "inputs": {
        "home": [
          "home-22-05"
        ],
        "home-21-11": "home-21-11",
        "home-22-05": "home-22-05",
        "nixos": [
          "nixos-22-05"
        ],
        "nixos-21-11": "nixos-21-11",
        "nixos-22-05": "nixos-22-05",
        "nixos-generators": "nixos-generators",
        "nixpkgs": "nixpkgs_4",
        "std": "std"
      }
    },
    "std": {
      "inputs": {
        "blank": "blank",
        "devshell": "devshell",
        "dmerge": "dmerge",
        "flake-utils": "flake-utils",
        "makes": [
          "std",
          "blank"
        ],
        "mdbook-kroki-preprocessor": "mdbook-kroki-preprocessor",
        "microvm": [
          "std",
          "blank"
        ],
        "n2c": "n2c",
        "nixago": "nixago",
        "nixpkgs": [
          "nixpkgs"
        ],
        "yants": "yants"
      },
      "locked": {
        "lastModified": 1666448482,
        "narHash": "sha256-m3MkI8ORqj66xo3oN27Paoj5FMqIzbh+5lol2cN1oM0=",
        "owner": "divnix",
        "repo": "std",
        "rev": "b8066c1f21ed2d13121e0d457a35988500dfe7b4",
        "type": "github"
      },
      "original": {
        "owner": "divnix",
        "repo": "std",
        "type": "github"
      }
    },
    "yants": {
      "inputs": {
        "nixpkgs": [
          "std",
          "nixpkgs"
        ]
      },
      "locked": {
        "lastModified": 1660507851,
        "narHash": "sha256-BKjq7JnVuUR/xDtcv6Vm9GYGKAblisXrAgybor9hT/s=",
        "owner": "divnix",
        "repo": "yants",
        "rev": "0b895ca02a8fa72bad50b454cb3e7d8a66407c96",
        "type": "github"
      },
      "original": {
        "owner": "divnix",
        "repo": "yants",
        "type": "github"
      }
    }
  },
  "root": "root",
  "version": 7
}
