{
  "nodes": {
    "disko": {
      "inputs": {
        "nixpkgs": "nixpkgs"
      },
      "locked": {
        "lastModified": 1694726351,
        "narHash": "sha256-DTy2a7BfGDjaLV+p+NF0Ee/9CP++omFKL/omskCx9qI=",
        "owner": "nix-community",
        "repo": "disko",
        "rev": "e52fd722dd46303bb704cc93769f47e5cbbc4e7e",
        "type": "github"
      },
      "original": {
        "owner": "nix-community",
        "repo": "disko",
        "type": "github"
      }
    },
    "nixos-anywhere": {
      "flake": false,
      "locked": {
        "lastModified": 1711099355,
        "narHash": "sha256-01tynRAW0yMboJfgwgZFLBjnD6e8OiCuNRoxGn62axE=",
        "owner": "numtide",
        "repo": "nixos-anywhere",
        "rev": "c34fd217b1765c9e92845051069f49560a52b8d6",
        "type": "github"
      },
      "original": {
        "owner": "numtide",
        "repo": "nixos-anywhere",
        "type": "github"
      }
    },
    "nixos-generators": {
      "flake": false,
      "locked": {
        "lastModified": 1711369727,
        "narHash": "sha256-+d4HqehyQvuHUKR8Nv9HGGd/SP5wjg3MA/hEYJBWQq0=",
        "owner": "nix-community",
        "repo": "nixos-generators",
        "rev": "01f1b422e76af76e3a0f02ea47750343cd04dd5a",
        "type": "github"
      },
      "original": {
        "owner": "nix-community",
        "ref": "refs/pull/325/head",
        "repo": "nixos-generators",
        "type": "github"
      }
    },
    "nixpkgs": {
      "locked": {
        "lastModified": 1711231723,
        "narHash": "sha256-dARJQ8AJOv6U+sdRePkbcVyVbXJTi1tReCrkkOeusiA=",
        "owner": "NixOS",
        "repo": "nixpkgs",
        "rev": "e1d501922fd7351da4200e1275dfcf5faaad1220",
        "type": "github"
      },
      "original": {
        "owner": "NixOS",
        "ref": "nixpkgs-unstable",
        "repo": "nixpkgs",
        "type": "github"
      }
    },
    "nixpkgs_2": {
      "locked": {
        "lastModified": 1694669921,
        "narHash": "sha256-6ESpJ6FsftHV96JO/zn6je07tyV2dlLR7SdLsmkegTY=",
        "owner": "nixos",
        "repo": "nixpkgs",
        "rev": "f2ea252d23ebc9a5336bf6a61e0644921f64e67c",
        "type": "github"
      },
      "original": {
        "owner": "nixos",
        "ref": "nixos-unstable-small",
        "repo": "nixpkgs",
        "type": "github"
      }
    },
    "root": {
      "inputs": {
        "disko": "disko",
        "nixos-anywhere": "nixos-anywhere",
        "nixos-generators": "nixos-generators",
        "nixpkgs": "nixpkgs_2"
      }
    }
  },
  "root": "root",
  "version": 7
}
